dependencies:
  idf:
    source:
      type: idf
    version: 5.5.2
  lvgl/lvgl:
    component_hash: 17e68bfd21f0edf4c3ee838e2273da840bf3930e5dbc3bfa6c1190c3aed41f9f
    dependencies: []
    source:
      registry_url: https://components.espressif.com/
      type: service
    version: 9.4.0
  sd_card:
    dependencies: []
    source:
      path: /home/vrxiaojie/esp/v5.5.2/esp-idf/examples/storage/sd_card/sdmmc/components/sd_card
      type: local
    version: '*'
direct_dependencies:
- lvgl/lvgl
- sd_card
manifest_hash: fe57c0dadfbeefa6af9f4abeaecc28dd361fe73eb13881d62fda53cbbf1c2b75
target: esp32h2
version: 2.0.0
